github.com/davecgh/go-spew v1.1.0 h1:ZDRjVQ15GmhC3fiQ8ni8+OwkZQO4DARzQgrnXU1Liz8=
github.com/davecgh/go-spew v1.1.0/go.mod h1:J7Y8YcW2NihsgmVo/mv3lAwl/skON4iLHjSsI+c5H38=
github.com/pkg/errors v0.8.1 h1:iURUrRGxPUNPdy5/HRSm+Yj6okJ6UtLINN0Q9M4+h3I=
github.com/pkg/errors v0.8.1/go.mod h1:bwawxfHBFNV+L2hUp1rHADufV3IMtnDRdf1r5NINEl0=
github.com/pmezard/go-difflib v1.0.0 h1:4DBwDE0NGyQoBHbLQYPwSUPoCMWR5BEzIk/f1lZbAQM=
github.com/pmezard/go-difflib v1.0.0/go.mod h1:iKH77koFhYxTK1pcRnkKkqfTogsbg7gZNVY4sRDYZ/4=
github.com/stretchr/objx v0.1.0/go.mod h1:HFkY916IF+rwdDfMAkV7OtwuqBVzrE8GR6GFx+wExME=
github.com/stretchr/testify v1.3.0 h1:TivCn/peBQ7UY8ooIcPgZFpTNSz0Q2U6UrFlUfqbe0Q=
github.com/stretchr/testify v1.3.0/go.mod h1:M5WIy9Dh21IEIfnGCwXGc5bZfKNJtfHm1UVUgZn+9EI=
github.com/tmthrgd/atomics v0.0.0-20190303111459-35961d894d96 h1:Jpe7oREw3nVLUgGwpmpEqj6+CZyGmlRDi24n0/DDMnA=
github.com/tmthrgd/atomics v0.0.0-20190303111459-35961d894d96/go.mod h1:J2+dTgaX/1g3PkyL6sLBglBWfaLmAp5bQbRhSfKw9XI=
github.com/tmthrgd/go-bitset v0.0.0-20190303105531-b20fba2c981e h1:xA4Ox5jfxXcyt2wx99ARBbKTVm+90GDKQ6cFUi4XgFY=
github.com/tmthrgd/go-bitset v0.0.0-20190303105531-b20fba2c981e/go.mod h1:SooM96OIpihI7iMZhVGbpiiO9Qevqv8vXxHlwNtefd4=
github.com/tmthrgd/go-bitwise v0.0.0-20190303101421-46d1dc0ba014 h1:31wclg4t1EOxwrq8iY3z2DckwspbvikVtnE57Z/e81I=
github.com/tmthrgd/go-bitwise v0.0.0-20190303101421-46d1dc0ba014/go.mod h1:Ba4ek/h+sJUzTQ03ZGD1r0lazhxd7CBoEQzFk/icxxU=
github.com/tmthrgd/go-byte-test v0.0.0-20190303110254-b940c25c3738 h1:Kbf5/LNt+fDanXWxv9IlaLfpSTHPAp5ZiG6TVuBGw0k=
github.com/tmthrgd/go-byte-test v0.0.0-20190303110254-b940c25c3738/go.mod h1:MEz1Lt0fxSL/ZgE7VN3yUJV0sP5I5aYecYLd9y/viEs=
github.com/tmthrgd/go-hex v0.0.0-20190303111820-0bdcb15db631 h1:IlK6taZBmMKDcGfMqIlD4la5BlekNrrLsdtCMSn6aJI=
github.com/tmthrgd/go-hex v0.0.0-20190303111820-0bdcb15db631/go.mod h1:bciPuU6GHm1iF1pBvUfxfsH0Wmnc2VbpgvbI9ZWuIRs=
github.com/tmthrgd/go-memset v0.0.0-20190303110500-e5f30bc33f57 h1:tJ5Y9zQQj6Mwox1r35p9jKvifvPJwedI5WD7Fo4Mbg4=
github.com/tmthrgd/go-memset v0.0.0-20190303110500-e5f30bc33f57/go.mod h1:xUkvcKF3VBDKFmmqCtW333lognWBHzSScj4fgjVB0Ek=
github.com/tmthrgd/go-popcount v0.0.0-20190303105726-88afd59bff20 h1:OlUS3StBdsabKWVWQfc4gjVGrETNwtDse4zyixeAg1M=
github.com/tmthrgd/go-popcount v0.0.0-20190303105726-88afd59bff20/go.mod h1:FcUQfrsAsSSqM3n9xf4EtPzB8tWzt58/y0AV+wNNM8Q=
github.com/xlab/treeprint v0.0.0-20181112141820-a009c3971eca h1:1CFlNzQhALwjS9mBAUkycX616GzgsuYUOCHA5+HSlXI=
github.com/xlab/treeprint v0.0.0-20181112141820-a009c3971eca/go.mod h1:ce1O1j6UtZfjr22oyGxGLbauSBp2YVXpARAosm7dHBg=
golang.org/x/sys v0.0.0-20190621203818-d432491b9138 h1:t8BZD9RDjkm9/h7yYN6kE8oaeov5r9aztkB7zKA5Tkg=
golang.org/x/sys v0.0.0-20190621203818-d432491b9138/go.mod h1:h1NjWce9XRLGQEsW7wpKNCjG9DtNlClVuFLEZdDNbEs=
