# This file is autogenerated, do not edit; changes may be undone by the next 'dep ensure'.


[[projects]]
  digest = "1:ffe9824d294da03b391f44e1ae8281281b4afc1bdaa9588c9097785e3af10cec"
  name = "github.com/davecgh/go-spew"
  packages = ["spew"]
  pruneopts = "UT"
  revision = "8991bc29aa16c548c550c7ff78260e27b9ab7c73"
  version = "v1.1.1"

[[projects]]
  digest = "1:0028cb19b2e4c3112225cd871870f2d9cf49b9b4276531f03438a88e94be86fe"
  name = "github.com/pmezard/go-difflib"
  packages = ["difflib"]
  pruneopts = "UT"
  revision = "792786c7400a136282c1664665ae0a8db921c6c2"
  version = "v1.0.0"

[[projects]]
  digest = "1:5da8ce674952566deae4dbc23d07c85caafc6cfa815b0b3e03e41979cedb8750"
  name = "github.com/stretchr/testify"
  packages = [
    "assert",
    "require",
  ]
  pruneopts = "UT"
  revision = "ffdc059bfe9ce6a4e144ba849dbedead332c6053"
  version = "v1.3.0"

[[projects]]
  branch = "master"
  digest = "1:8f326b9b29560f9e661f6f692a66b8b30db788bdb8550b3e5791ed3ee607e4d7"
  name = "github.com/tmthrgd/asm"
  packages = ["."]
  pruneopts = "UT"
  revision = "409546f4138f9ab0bd9b5fe426f362daeff840ec"

[[projects]]
  branch = "master"
  digest = "1:df62e78889d7807cbf5045da8bba44b3511e0f9060713dc28b9e33ba43599a01"
  name = "github.com/tmthrgd/atomics"
  packages = ["."]
  pruneopts = "UT"
  revision = "c46471f6a25ed6e19416b1da99d8f6db126e5890"

[[projects]]
  branch = "master"
  digest = "1:2fa1cec6ef390f6f5a490a1365f2b90c674aef35a02e743f2faa3d8f04312ee4"
  name = "github.com/tmthrgd/go-bitset"
  packages = [
    ".",
    "internal/bitwise",
  ]
  pruneopts = "UT"
  revision = "62ad9ed7ff29ccce43a833aad11396ffc35d0bbd"

[[projects]]
  branch = "master"
  digest = "1:271fb0e5610eb57d6fd918bfffb37a444c5ac83981a3c6914c212230899d82f9"
  name = "github.com/tmthrgd/go-bitwise"
  packages = ["."]
  pruneopts = "UT"
  revision = "05c5cc92a9898363bd28b6fd27531145cd812cc2"

[[projects]]
  branch = "master"
  digest = "1:4a88d5d06103c2ab8e8c11e95230a38f2fe2ae93d34338fa489ae9591168326f"
  name = "github.com/tmthrgd/go-byte-test"
  packages = ["."]
  pruneopts = "UT"
  revision = "4c4ba03310c8b0e46320049f39660c59f625f3e5"

[[projects]]
  branch = "master"
  digest = "1:58894167cde036b4f186d151d417ced78da7fad72358fe6c7183aa6ae836c56d"
  name = "github.com/tmthrgd/go-hex"
  packages = ["."]
  pruneopts = "UT"
  revision = "14226a535f434c12dbb6c0a0a59e40716f1534b4"

[[projects]]
  branch = "master"
  digest = "1:b349eae597139e655dd4950dc410758e14e00a235ae4889aa84cc5f1614a07b1"
  name = "github.com/tmthrgd/go-memset"
  packages = ["."]
  pruneopts = "UT"
  revision = "6f4e59bf1e1d4c209adeb0b158ab0411e0d5dc89"

[[projects]]
  branch = "master"
  digest = "1:6d36c7e13373654a668a40c9dba4083e480ea1ba8b848e500b3be5825c6342bf"
  name = "github.com/tmthrgd/go-popcount"
  packages = ["."]
  pruneopts = "UT"
  revision = "c902bd428c0c63998f5d3ad0ddc272527b5e795a"

[[projects]]
  branch = "master"
  digest = "1:fbbce3ff584585118f3c270df893dea88eb3e7ddbece46ea322410af9ae27829"
  name = "github.com/xlab/treeprint"
  packages = ["."]
  pruneopts = "UT"
  revision = "a009c3971eca89777614839eb7f69abed3ea3959"

[[projects]]
  branch = "master"
  digest = "1:d64643374306ef30390ca9ddebc920b87ff1d8044f14eea405a2f060131d20f4"
  name = "golang.org/x/sys"
  packages = ["cpu"]
  pruneopts = "UT"
  revision = "7fbe1cd0fcc20051e1fcb87fbabec4a1bacaaeba"

[solve-meta]
  analyzer-name = "dep"
  analyzer-version = 1
  input-imports = [
    "github.com/stretchr/testify/assert",
    "github.com/stretchr/testify/require",
    "github.com/tmthrgd/go-bitset",
    "github.com/xlab/treeprint",
  ]
  solver-name = "gps-cdcl"
  solver-version = 1
